github.com/gethinode/mod-bootstrap v1.3.1 h1:ZUX72St0WZ5tyXpEPBJlayX/dmCH3cGErzsozkUKCok=
github.com/gethinode/mod-bootstrap v1.3.1/go.mod h1:CL9IDot6nbXIWJYE/KxfsTdYYEJIGL17BXbAYPn+wVQ=
github.com/gethinode/mod-utils/v2 v2.8.3 h1:t1MJcIdFhYi0gCkm8f0DYZwyfq7pRdRc0eNpqZa11ic=
github.com/gethinode/mod-utils/v2 v2.8.3/go.mod h1:GTYeknoLujNjfDxI+V9Dcug26CYJSTJ0B/U2dagw9oY=
github.com/gethinode/mod-utils/v2 v2.8.4 h1:ZBkIxFezFz2IrbTt0Y3Nq5ac7klU5N8TY19Qnj5px4M=
github.com/gethinode/mod-utils/v2 v2.8.4/go.mod h1:GTYeknoLujNjfDxI+V9Dcug26CYJSTJ0B/U2dagw9oY=
github.com/twbs/bootstrap v5.3.3+incompatible h1:goFoqinzdHfkeegpFP7pvhbd0g+A3O2hbU3XCjuNrEQ=
github.com/twbs/bootstrap v5.3.3+incompatible/go.mod h1:fZTSrkpSf0/HkL0IIJzvVspTt1r9zuf7XlZau8kpcY0=
